// !$*UTF8*$!
{
	archiveVersion = 1;
	classes = {
	};
	objectVersion = 51;
	objects = {

/* Begin PBXBuildFile section */
		852987C526A72BA100DDBF2C /* AppDelegate.swift in Sources */ = {isa = PBXBuildFile; fileRef = 852987C426A72BA100DDBF2C /* AppDelegate.swift */; };
		852987C726A72BA100DDBF2C /* SceneDelegate.swift in Sources */ = {isa = PBXBuildFile; fileRef = 852987C626A72BA100DDBF2C /* SceneDelegate.swift */; };
		852987C926A72BA100DDBF2C /* ViewController.swift in Sources */ = {isa = PBXBuildFile; fileRef = 852987C826A72BA100DDBF2C /* ViewController.swift */; };
		852987CC26A72BA100DDBF2C /* Main.storyboard in Resources */ = {isa = PBXBuildFile; fileRef = 852987CA26A72BA100DDBF2C /* Main.storyboard */; };
		852987CE26A72BA200DDBF2C /* Assets.xcassets in Resources */ = {isa = PBXBuildFile; fileRef = 852987CD26A72BA200DDBF2C /* Assets.xcassets */; };
		852987D126A72BA200DDBF2C /* LaunchScreen.storyboard in Resources */ = {isa = PBXBuildFile; fileRef = 852987CF26A72BA200DDBF2C /* LaunchScreen.storyboard */; };
		8548C3EA26A7341E00C62E59 /* FormVC.swift in Sources */ = {isa = PBXBuildFile; fileRef = 8548C3E926A7341E00C62E59 /* FormVC.swift */; };
		8548C3EC26A738F500C62E59 /* ContactModel.swift in Sources */ = {isa = PBXBuildFile; fileRef = 8548C3EB26A738F500C62E59 /* ContactModel.swift */; };
		85CD282426A9E9CE003AB6DC /* ShowVC.swift in Sources */ = {isa = PBXBuildFile; fileRef = 85CD282326A9E9CE003AB6DC /* ShowVC.swift */; };
		E376D0A89046E32823CDE670 /* Pods_Contacts.framework in Frameworks */ = {isa = PBXBuildFile; fileRef = F4B84363AD184DBE2146C1B7 /* Pods_Contacts.framework */; };
/* End PBXBuildFile section */

/* Begin PBXFileReference section */
		852987C126A72BA100DDBF2C /* Contacts.app */ = {isa = PBXFileReference; explicitFileType = wrapper.application; includeInIndex = 0; path = Contacts.app; sourceTree = BUILT_PRODUCTS_DIR; };
		852987C426A72BA100DDBF2C /* AppDelegate.swift */ = {isa = PBXFileReference; lastKnownFileType = sourcecode.swift; path = AppDelegate.swift; sourceTree = "<group>"; };
		852987C626A72BA100DDBF2C /* SceneDelegate.swift */ = {isa = PBXFileReference; lastKnownFileType = sourcecode.swift; path = SceneDelegate.swift; sourceTree = "<group>"; };
		852987C826A72BA100DDBF2C /* ViewController.swift */ = {isa = PBXFileReference; lastKnownFileType = sourcecode.swift; path = ViewController.swift; sourceTree = "<group>"; };
		852987CB26A72BA100DDBF2C /* Base */ = {isa = PBXFileReference; lastKnownFileType = file.storyboard; name = Base; path = Base.lproj/Main.storyboard; sourceTree = "<group>"; };
		852987CD26A72BA200DDBF2C /* Assets.xcassets */ = {isa = PBXFileReference; lastKnownFileType = folder.assetcatalog; path = Assets.xcassets; sourceTree = "<group>"; };
		852987D026A72BA200DDBF2C /* Base */ = {isa = PBXFileReference; lastKnownFileType = file.storyboard; name = Base; path = Base.lproj/LaunchScreen.storyboard; sourceTree = "<group>"; };
		852987D226A72BA200DDBF2C /* Info.plist */ = {isa = PBXFileReference; lastKnownFileType = text.plist.xml; path = Info.plist; sourceTree = "<group>"; };
		8548C3E926A7341E00C62E59 /* FormVC.swift */ = {isa = PBXFileReference; lastKnownFileType = sourcecode.swift; path = FormVC.swift; sourceTree = "<group>"; };
		8548C3EB26A738F500C62E59 /* ContactModel.swift */ = {isa = PBXFileReference; lastKnownFileType = sourcecode.swift; path = ContactModel.swift; sourceTree = "<group>"; };
		85CD282326A9E9CE003AB6DC /* ShowVC.swift */ = {isa = PBXFileReference; lastKnownFileType = sourcecode.swift; path = ShowVC.swift; sourceTree = "<group>"; };
		E57B7A2224821D6C15199CC7 /* Pods-Contacts.debug.xcconfig */ = {isa = PBXFileReference; includeInIndex = 1; lastKnownFileType = text.xcconfig; name = "Pods-Contacts.debug.xcconfig"; path = "Target Support Files/Pods-Contacts/Pods-Contacts.debug.xcconfig"; sourceTree = "<group>"; };
		F4B84363AD184DBE2146C1B7 /* Pods_Contacts.framework */ = {isa = PBXFileReference; explicitFileType = wrapper.framework; includeInIndex = 0; path = Pods_Contacts.framework; sourceTree = BUILT_PRODUCTS_DIR; };
		F658054A8094923AD2117335 /* Pods-Contacts.release.xcconfig */ = {isa = PBXFileReference; includeInIndex = 1; lastKnownFileType = text.xcconfig; name = "Pods-Contacts.release.xcconfig"; path = "Target Support Files/Pods-Contacts/Pods-Contacts.release.xcconfig"; sourceTree = "<group>"; };
/* End PBXFileReference section */

/* Begin PBXFrameworksBuildPhase section */
		852987BE26A72BA100DDBF2C /* Frameworks */ = {
			isa = PBXFrameworksBuildPhase;
			buildActionMask = 2147483647;
			files = (
				E376D0A89046E32823CDE670 /* Pods_Contacts.framework in Frameworks */,
			);
			runOnlyForDeploymentPostprocessing = 0;
		};
/* End PBXFrameworksBuildPhase section */

/* Begin PBXGroup section */
		13ECA1864228320104E58F80 /* Frameworks */ = {
			isa = PBXGroup;
			children = (
				F4B84363AD184DBE2146C1B7 /* Pods_Contacts.framework */,
			);
			name = Frameworks;
			sourceTree = "<group>";
		};
		852987B826A72BA100DDBF2C = {
			isa = PBXGroup;
			children = (
				852987C326A72BA100DDBF2C /* Contacts */,
				852987C226A72BA100DDBF2C /* Products */,
				8E2CF76013F371A3B4744C15 /* Pods */,
				13ECA1864228320104E58F80 /* Frameworks */,
			);
			sourceTree = "<group>";
		};
		852987C226A72BA100DDBF2C /* Products */ = {
			isa = PBXGroup;
			children = (
				852987C126A72BA100DDBF2C /* Contacts.app */,
			);
			name = Products;
			sourceTree = "<group>";
		};
		852987C326A72BA100DDBF2C /* Contacts */ = {
			isa = PBXGroup;
			children = (
				852987C426A72BA100DDBF2C /* AppDelegate.swift */,
				852987C626A72BA100DDBF2C /* SceneDelegate.swift */,
				852987C826A72BA100DDBF2C /* ViewController.swift */,
				852987CA26A72BA100DDBF2C /* Main.storyboard */,
				852987CD26A72BA200DDBF2C /* Assets.xcassets */,
				852987CF26A72BA200DDBF2C /* LaunchScreen.storyboard */,
				852987D226A72BA200DDBF2C /* Info.plist */,
				8548C3E926A7341E00C62E59 /* FormVC.swift */,
				8548C3EB26A738F500C62E59 /* ContactModel.swift */,
				85CD282326A9E9CE003AB6DC /* ShowVC.swift */,
			);
			path = Contacts;
			sourceTree = "<group>";
		};
		8E2CF76013F371A3B4744C15 /* Pods */ = {
			isa = PBXGroup;
			children = (
				E57B7A2224821D6C15199CC7 /* Pods-Contacts.debug.xcconfig */,
				F658054A8094923AD2117335 /* Pods-Contacts.release.xcconfig */,
			);
			path = Pods;
			sourceTree = "<group>";
		};
/* End PBXGroup section */

/* Begin PBXNativeTarget section */
		852987C026A72BA100DDBF2C /* Contacts */ = {
			isa = PBXNativeTarget;
			buildConfigurationList = 852987D526A72BA200DDBF2C /* Build configuration list for PBXNativeTarget "Contacts" */;
			buildPhases = (
				8AAB782864A56DDF282E257D /* [CP] Check Pods Manifest.lock */,
				852987BD26A72BA100DDBF2C /* Sources */,
				852987BE26A72BA100DDBF2C /* Frameworks */,
				852987BF26A72BA100DDBF2C /* Resources */,
				88AA16F726C3DD2F420F7497 /* [CP] Embed Pods Frameworks */,
			);
			buildRules = (
			);
			dependencies = (
			);
			name = Contacts;
			productName = Contacts;
			productReference = 852987C126A72BA100DDBF2C /* Contacts.app */;
			productType = "com.apple.product-type.application";
		};
/* End PBXNativeTarget section */

/* Begin PBXProject section */
		852987B926A72BA100DDBF2C /* Project object */ = {
			isa = PBXProject;
			attributes = {
				LastSwiftUpdateCheck = 1250;
				LastUpgradeCheck = 1250;
				TargetAttributes = {
					852987C026A72BA100DDBF2C = {
						CreatedOnToolsVersion = 12.5.1;
					};
				};
			};
			buildConfigurationList = 852987BC26A72BA100DDBF2C /* Build configuration list for PBXProject "Contacts" */;
			compatibilityVersion = "Xcode 9.3";
			developmentRegion = en;
			hasScannedForEncodings = 0;
			knownRegions = (
				en,
				Base,
			);
			mainGroup = 852987B826A72BA100DDBF2C;
			productRefGroup = 852987C226A72BA100DDBF2C /* Products */;
			projectDirPath = "";
			projectRoot = "";
			targets = (
				852987C026A72BA100DDBF2C /* Contacts */,
			);
		};
/* End PBXProject section */

/* Begin PBXResourcesBuildPhase section */
		852987BF26A72BA100DDBF2C /* Resources */ = {
			isa = PBXResourcesBuildPhase;
			buildActionMask = 2147483647;
			files = (
				852987D126A72BA200DDBF2C /* LaunchScreen.storyboard in Resources */,
				852987CE26A72BA200DDBF2C /* Assets.xcassets in Resources */,
				852987CC26A72BA100DDBF2C /* Main.storyboard in Resources */,
			);
			runOnlyForDeploymentPostprocessing = 0;
		};
/* End PBXResourcesBuildPhase section */

/* Begin PBXShellScriptBuildPhase section */
		88AA16F726C3DD2F420F7497 /* [CP] Embed Pods Frameworks */ = {
			isa = PBXShellScriptBuildPhase;
			buildActionMask = 2147483647;
			files = (
			);
			inputFileListPaths = (
				"${PODS_ROOT}/Target Support Files/Pods-Contacts/Pods-Contacts-frameworks-${CONFIGURATION}-input-files.xcfilelist",
			);
			name = "[CP] Embed Pods Frameworks";
			outputFileListPaths = (
				"${PODS_ROOT}/Target Support Files/Pods-Contacts/Pods-Contacts-frameworks-${CONFIGURATION}-output-files.xcfilelist",
			);
			runOnlyForDeploymentPostprocessing = 0;
			shellPath = /bin/sh;
			shellScript = "\"${PODS_ROOT}/Target Support Files/Pods-Contacts/Pods-Contacts-frameworks.sh\"\n";
			showEnvVarsInLog = 0;
		};
		8AAB782864A56DDF282E257D /* [CP] Check Pods Manifest.lock */ = {
			isa = PBXShellScriptBuildPhase;
			buildActionMask = 2147483647;
			files = (
			);
			inputFileListPaths = (
			);
			inputPaths = (
				"${PODS_PODFILE_DIR_PATH}/Podfile.lock",
				"${PODS_ROOT}/Manifest.lock",
			);
			name = "[CP] Check Pods Manifest.lock";
			outputFileListPaths = (
			);
			outputPaths = (
				"$(DERIVED_FILE_DIR)/Pods-Contacts-checkManifestLockResult.txt",
			);
			runOnlyForDeploymentPostprocessing = 0;
			shellPath = /bin/sh;
			shellScript = "diff \"${PODS_PODFILE_DIR_PATH}/Podfile.lock\" \"${PODS_ROOT}/Manifest.lock\" > /dev/null\nif [ $? != 0 ] ; then\n    # print error to STDERR\n    echo \"error: The sandbox is not in sync with the Podfile.lock. Run 'pod install' or update your CocoaPods installation.\" >&2\n    exit 1\nfi\n# This output is used by Xcode 'outputs' to avoid re-running this script phase.\necho \"SUCCESS\" > \"${SCRIPT_OUTPUT_FILE_0}\"\n";
			showEnvVarsInLog = 0;
		};
/* End PBXShellScriptBuildPhase section */

/* Begin PBXSourcesBuildPhase section */
		852987BD26A72BA100DDBF2C /* Sources */ = {
			isa = PBXSourcesBuildPhase;
			buildActionMask = 2147483647;
			files = (
				8548C3EA26A7341E00C62E59 /* FormVC.swift in Sources */,
				852987C926A72BA100DDBF2C /* ViewController.swift in Sources */,
				852987C526A72BA100DDBF2C /* AppDelegate.swift in Sources */,
				85CD282426A9E9CE003AB6DC /* ShowVC.swift in Sources */,
				8548C3EC26A738F500C62E59 /* ContactModel.swift in Sources */,
				852987C726A72BA100DDBF2C /* SceneDelegate.swift in Sources */,
			);
			runOnlyForDeploymentPostprocessing = 0;
		};
/* End PBXSourcesBuildPhase section */

/* Begin PBXVariantGroup section */
		852987CA26A72BA100DDBF2C /* Main.storyboard */ = {
			isa = PBXVariantGroup;
			children = (
				852987CB26A72BA100DDBF2C /* Base */,
			);
			name = Main.storyboard;
			sourceTree = "<group>";
		};
		852987CF26A72BA200DDBF2C /* LaunchScreen.storyboard */ = {
			isa = PBXVariantGroup;
			children = (
				852987D026A72BA200DDBF2C /* Base */,
			);
			name = LaunchScreen.storyboard;
			sourceTree = "<group>";
		};
/* End PBXVariantGroup section */

/* Begin XCBuildConfiguration section */
		852987D326A72BA200DDBF2C /* Debug */ = {
			isa = XCBuildConfiguration;
			buildSettings = {
				ALWAYS_SEARCH_USER_PATHS = NO;
				CLANG_ANALYZER_NONNULL = YES;
				CLANG_ANALYZER_NUMBER_OBJECT_CONVERSION = YES_AGGRESSIVE;
				CLANG_CXX_LANGUAGE_STANDARD = "gnu++14";
				CLANG_CXX_LIBRARY = "libc++";
				CLANG_ENABLE_MODULES = YES;
				CLANG_ENABLE_OBJC_ARC = YES;
				CLANG_ENABLE_OBJC_WEAK = YES;
				CLANG_WARN_BLOCK_CAPTURE_AUTORELEASING = YES;
				CLANG_WARN_BOOL_CONVERSION = YES;
				CLANG_WARN_COMMA = YES;
				CLANG_WARN_CONSTANT_CONVERSION = YES;
				CLANG_WARN_DEPRECATED_OBJC_IMPLEMENTATIONS = YES;
				CLANG_WARN_DIRECT_OBJC_ISA_USAGE = YES_ERROR;
				CLANG_WARN_DOCUMENTATION_COMMENTS = YES;
				CLANG_WARN_EMPTY_BODY = YES;
				CLANG_WARN_ENUM_CONVERSION = YES;
				CLANG_WARN_INFINITE_RECURSION = YES;
				CLANG_WARN_INT_CONVERSION = YES;
				CLANG_WARN_NON_LITERAL_NULL_CONVERSION = YES;
				CLANG_WARN_OBJC_IMPLICIT_RETAIN_SELF = YES;
				CLANG_WARN_OBJC_LITERAL_CONVERSION = YES;
				CLANG_WARN_OBJC_ROOT_CLASS = YES_ERROR;
				CLANG_WARN_QUOTED_INCLUDE_IN_FRAMEWORK_HEADER = YES;
				CLANG_WARN_RANGE_LOOP_ANALYSIS = YES;
				CLANG_WARN_STRICT_PROTOTYPES = YES;
				CLANG_WARN_SUSPICIOUS_MOVE = YES;
				CLANG_WARN_UNGUARDED_AVAILABILITY = YES_AGGRESSIVE;
				CLANG_WARN_UNREACHABLE_CODE = YES;
				CLANG_WARN__DUPLICATE_METHOD_MATCH = YES;
				COPY_PHASE_STRIP = NO;
				DEBUG_INFORMATION_FORMAT = dwarf;
				ENABLE_STRICT_OBJC_MSGSEND = YES;
				ENABLE_TESTABILITY = YES;
				GCC_C_LANGUAGE_STANDARD = gnu11;
				GCC_DYNAMIC_NO_PIC = NO;
				GCC_NO_COMMON_BLOCKS = YES;
				GCC_OPTIMIZATION_LEVEL = 0;
				GCC_PREPROCESSOR_DEFINITIONS = (
					"DEBUG=1",
					"$(inherited)",
				);
				GCC_WARN_64_TO_32_BIT_CONVERSION = YES;
				GCC_WARN_ABOUT_RETURN_TYPE = YES_ERROR;
				GCC_WARN_UNDECLARED_SELECTOR = YES;
				GCC_WARN_UNINITIALIZED_AUTOS = YES_AGGRESSIVE;
				GCC_WARN_UNUSED_FUNCTION = YES;
				GCC_WARN_UNUSED_VARIABLE = YES;
				IPHONEOS_DEPLOYMENT_TARGET = 14.5;
				MTL_ENABLE_DEBUG_INFO = INCLUDE_SOURCE;
				MTL_FAST_MATH = YES;
				ONLY_ACTIVE_ARCH = YES;
				SDKROOT = iphoneos;
				SWIFT_ACTIVE_COMPILATION_CONDITIONS = DEBUG;
				SWIFT_OPTIMIZATION_LEVEL = "-Onone";
			};
			name = Debug;
		};
		852987D426A72BA200DDBF2C /* Release */ = {
			isa = XCBuildConfiguration;
			buildSettings = {
				ALWAYS_SEARCH_USER_PATHS = NO;
				CLANG_ANALYZER_NONNULL = YES;
				CLANG_ANALYZER_NUMBER_OBJECT_CONVERSION = YES_AGGRESSIVE;
				CLANG_CXX_LANGUAGE_STANDARD = "gnu++14";
				CLANG_CXX_LIBRARY = "libc++";
				CLANG_ENABLE_MODULES = YES;
				CLANG_ENABLE_OBJC_ARC = YES;
				CLANG_ENABLE_OBJC_WEAK = YES;
				CLANG_WARN_BLOCK_CAPTURE_AUTORELEASING = YES;
				CLANG_WARN_BOOL_CONVERSION = YES;
				CLANG_WARN_COMMA = YES;
				CLANG_WARN_CONSTANT_CONVERSION = YES;
				CLANG_WARN_DEPRECATED_OBJC_IMPLEMENTATIONS = YES;
				CLANG_WARN_DIRECT_OBJC_ISA_USAGE = YES_ERROR;
				CLANG_WARN_DOCUMENTATION_COMMENTS = YES;
				CLANG_WARN_EMPTY_BODY = YES;
				CLANG_WARN_ENUM_CONVERSION = YES;
				CLANG_WARN_INFINITE_RECURSION = YES;
				CLANG_WARN_INT_CONVERSION = YES;
				CLANG_WARN_NON_LITERAL_NULL_CONVERSION = YES;
				CLANG_WARN_OBJC_IMPLICIT_RETAIN_SELF = YES;
				CLANG_WARN_OBJC_LITERAL_CONVERSION = YES;
				CLANG_WARN_OBJC_ROOT_CLASS = YES_ERROR;
				CLANG_WARN_QUOTED_INCLUDE_IN_FRAMEWORK_HEADER = YES;
				CLANG_WARN_RANGE_LOOP_ANALYSIS = YES;
				CLANG_WARN_STRICT_PROTOTYPES = YES;
				CLANG_WARN_SUSPICIOUS_MOVE = YES;
				CLANG_WARN_UNGUARDED_AVAILABILITY = YES_AGGRESSIVE;
				CLANG_WARN_UNREACHABLE_CODE = YES;
				CLANG_WARN__DUPLICATE_METHOD_MATCH = YES;
				COPY_PHASE_STRIP = NO;
				DEBUG_INFORMATION_FORMAT = "dwarf-with-dsym";
				ENABLE_NS_ASSERTIONS = NO;
				ENABLE_STRICT_OBJC_MSGSEND = YES;
				GCC_C_LANGUAGE_STANDARD = gnu11;
				GCC_NO_COMMON_BLOCKS = YES;
				GCC_WARN_64_TO_32_BIT_CONVERSION = YES;
				GCC_WARN_ABOUT_RETURN_TYPE = YES_ERROR;
				GCC_WARN_UNDECLARED_SELECTOR = YES;
				GCC_WARN_UNINITIALIZED_AUTOS = YES_AGGRESSIVE;
				GCC_WARN_UNUSED_FUNCTION = YES;
				GCC_WARN_UNUSED_VARIABLE = YES;
				IPHONEOS_DEPLOYMENT_TARGET = 14.5;
				MTL_ENABLE_DEBUG_INFO = NO;
				MTL_FAST_MATH = YES;
				SDKROOT = iphoneos;
				SWIFT_COMPILATION_MODE = wholemodule;
				SWIFT_OPTIMIZATION_LEVEL = "-O";
				VALIDATE_PRODUCT = YES;
			};
			name = Release;
		};
		852987D626A72BA200DDBF2C /* Debug */ = {
			isa = XCBuildConfiguration;
			baseConfigurationReference = E57B7A2224821D6C15199CC7 /* Pods-Contacts.debug.xcconfig */;
			buildSettings = {
				ASSETCATALOG_COMPILER_APPICON_NAME = AppIcon;
				ASSETCATALOG_COMPILER_GLOBAL_ACCENT_COLOR_NAME = AccentColor;
				CODE_SIGN_STYLE = Automatic;
				INFOPLIST_FILE = Contacts/Info.plist;
				LD_RUNPATH_SEARCH_PATHS = (
					"$(inherited)",
					"@executable_path/Frameworks",
				);
				PRODUCT_BUNDLE_IDENTIFIER = "com.good-code.by.Contacts";
				PRODUCT_NAME = "$(TARGET_NAME)";
				SWIFT_VERSION = 5.0;
				TARGETED_DEVICE_FAMILY = "1,2";
			};
			name = Debug;
		};
		852987D726A72BA200DDBF2C /* Release */ = {
			isa = XCBuildConfiguration;
			baseConfigurationReference = F658054A8094923AD2117335 /* Pods-Contacts.release.xcconfig */;
			buildSettings = {
				ASSETCATALOG_COMPILER_APPICON_NAME = AppIcon;
				ASSETCATALOG_COMPILER_GLOBAL_ACCENT_COLOR_NAME = AccentColor;
				CODE_SIGN_STYLE = Automatic;
				INFOPLIST_FILE = Contacts/Info.plist;
				LD_RUNPATH_SEARCH_PATHS = (
					"$(inherited)",
					"@executable_path/Frameworks",
				);
				PRODUCT_BUNDLE_IDENTIFIER = "com.good-code.by.Contacts";
				PRODUCT_NAME = "$(TARGET_NAME)";
				SWIFT_VERSION = 5.0;
				TARGETED_DEVICE_FAMILY = "1,2";
			};
			name = Release;
		};
/* End XCBuildConfiguration section */

/* Begin XCConfigurationList section */
		852987BC26A72BA100DDBF2C /* Build configuration list for PBXProject "Contacts" */ = {
			isa = XCConfigurationList;
			buildConfigurations = (
				852987D326A72BA200DDBF2C /* Debug */,
				852987D426A72BA200DDBF2C /* Release */,
			);
			defaultConfigurationIsVisible = 0;
			defaultConfigurationName = Release;
		};
		852987D526A72BA200DDBF2C /* Build configuration list for PBXNativeTarget "Contacts" */ = {
			isa = XCConfigurationList;
			buildConfigurations = (
				852987D626A72BA200DDBF2C /* Debug */,
				852987D726A72BA200DDBF2C /* Release */,
			);
			defaultConfigurationIsVisible = 0;
			defaultConfigurationName = Release;
		};
/* End XCConfigurationList section */
	};
	rootObject = 852987B926A72BA100DDBF2C /* Project object */;
}
